{
    "_readme": [
        "This file locks the dependencies of your project to a known state",
        "Read more about it at https://getcomposer.org/doc/01-basic-usage.md#installing-dependencies",
        "This file is @generated automatically"
    ],
    "content-hash": "a02b15b22556f674ec60c6c2d0fea6b4",
    "packages": [
        {
            "name": "webdevstudios/cmb2",
            "version": "v2.6.0",
            "source": {
                "type": "git",
                "url": "https://github.com/CMB2/CMB2.git",
                "reference": "008d9b83263d971d6bd41c27e31113db852d5ef3"
            },
            "dist": {
                "type": "zip",
                "url": "https://api.github.com/repos/CMB2/CMB2/zipball/008d9b83263d971d6bd41c27e31113db852d5ef3",
                "reference": "008d9b83263d971d6bd41c27e31113db852d5ef3",
                "shasum": ""
            },
            "require": {
                "php": ">5.2.4"
            },
            "require-dev": {
                "apigen/apigen": "4.1.2",
                "nette/utils": "2.5.3",
                "phpunit/phpunit": "6.5.13"
            },
            "suggest": {
                "composer/installers": "~1.0"
            },
            "type": "wordpress-plugin",
            "notification-url": "https://packagist.org/downloads/",
            "license": [
                "GPL-2.0-or-later"
            ],
            "authors": [
                {
                    "name": "WebDevStudios",
                    "email": "contact@webdevstudios.com",
                    "homepage": "https://github.com/WebDevStudios",
                    "role": "Developer"
                },
                {
                    "name": "Justin Sternberg",
                    "email": "justin@dsgnwrks.pro",
                    "homepage": "https://dsgnwrks.pro",
                    "role": "Developer"
                }
            ],
            "description": "CMB2 is a metabox, custom fields, and forms library for WordPress that will blow your mind.",
            "homepage": "https://github.com/CMB2/CMB2",
            "keywords": [
                "metabox",
                "plugin",
                "wordpress"
            ],
            "abandoned": "cmb2/cmb2",
            "time": "2019-01-21T04:30:08+00:00"
        },
        {
            "name": "webdevstudios/cpt-core",
            "version": "v1.0.3",
            "source": {
                "type": "git",
                "url": "https://github.com/WebDevStudios/CPT_Core.git",
                "reference": "1f856e619a20c96f093f6916b4e6fa522d851b7c"
            },
            "dist": {
                "type": "zip",
                "url": "https://api.github.com/repos/WebDevStudios/CPT_Core/zipball/1f856e619a20c96f093f6916b4e6fa522d851b7c",
                "reference": "1f856e619a20c96f093f6916b4e6fa522d851b7c",
                "shasum": ""
            },
            "suggest": {
                "composer/installers": "~1.0"
            },
            "type": "wordpress-plugin",
            "autoload": {
                "files": [
                    "CPT_Core.php"
                ]
            },
            "notification-url": "https://packagist.org/downloads/",
            "license": [
                "GPLv2"
            ],
            "authors": [
                {
                    "name": "WebDevStudios",
                    "email": "contact@webdevstudios.com",
                    "homepage": "https://github.com/WebDevStudios",
                    "role": "Developer"
                }
            ],
            "description": "WordPress Custom Post Type OO wrapper",
            "homepage": "https://github.com/WebDevStudios/CPT_Core",
            "keywords": [
                "metabox",
                "plugin",
                "wordpress"
            ],
            "time": "2017-03-24T16:06:06+00:00"
        }
    ],
    "packages-dev": [],
    "aliases": [],
    "minimum-stability": "stable",
    "stability-flags": [],
    "prefer-stable": false,
    "prefer-lowest": false,
    "platform": [],
    "platform-dev": []
}
